{
  "name": "Reality Designers",
  "lockfileVersion": 2,
  "requires": true,
  "packages": {
    "": {
      "dependencies": {
        "spline": "^0.0.0"
      }
    },
    "node_modules/spline": {
      "version": "0.0.0",
      "resolved": "https://registry.npmjs.org/spline/-/spline-0.0.0.tgz",
      "integrity": "sha512-wHnb48hJFY5OgY15/X6lOBh/QNehhpuYOcs3V93fgw8WvqvDuf0QC9yuZpXKkL2ek9ZkFiSyykN4EKdLz917EA=="
    }
  },
  "dependencies": {
    "spline": {
      "version": "0.0.0",
      "resolved": "https://registry.npmjs.org/spline/-/spline-0.0.0.tgz",
      "integrity": "sha512-wHnb48hJFY5OgY15/X6lOBh/QNehhpuYOcs3V93fgw8WvqvDuf0QC9yuZpXKkL2ek9ZkFiSyykN4EKdLz917EA=="
    }
  }
}
